{
  "name": "cs128-vim",
  "version": "1.4.0",
  "lockfileVersion": 3,
  "requires": true,
  "packages": {
    "": {
      "name": "cs128-vim",
      "version": "1.4.0",
      "devDependencies": {
        "ace-builds": "1.44.0"
      }
    },
    "node_modules/ace-builds": {
      "version": "1.44.0",
      "resolved": "https://registry.npmjs.org/ace-builds/-/ace-builds-1.44.0.tgz",
      "integrity": "sha512-PFNMSYqFdEUkul2Ntud0HvA09AgY+F1ag0UYdpMH60wNI/qOA8cB8tlTgoALMEwIdUPJK2CjrIQ7OnbiSS/ugQ==",
      "dev": true,
      "license": "BSD-3-Clause"
    }
  }
}
